
Microsoft Visual Studio Solution File, Format Version 12.00
# Visual Studio 15
VisualStudioVersion = 15.0.28010.2003
MinimumVisualStudioVersion = 10.0.40219.1
Project("{FAE04EC0-301F-11D3-BF4B-00C04F79EFBC}") = "ConsoleScraper", "ConsoleScraper\ConsoleScraper.csproj", "{1375EBBA-FAB2-4975-A004-2E7DC282F662}"
EndProject
Global
	GlobalSection(SolutionConfigurationPlatforms) = preSolution
		Debug|Any CPU = Debug|Any CPU
		Release|Any CPU = Release|Any CPU
	EndGlobalSection
	GlobalSection(ProjectConfigurationPlatforms) = postSolution
		{1375EBBA-FAB2-4975-A004-2E7DC282F662}.Debug|Any CPU.ActiveCfg = Debug|Any CPU
		{1375EBBA-FAB2-4975-A004-2E7DC282F662}.Debug|Any CPU.Build.0 = Debug|Any CPU
		{1375EBBA-FAB2-4975-A004-2E7DC282F662}.Release|Any CPU.ActiveCfg = Release|Any CPU
		{1375EBBA-FAB2-4975-A004-2E7DC282F662}.Release|Any CPU.Build.0 = Release|Any CPU
	EndGlobalSection
	GlobalSection(SolutionProperties) = preSolution
		HideSolutionNode = FALSE
	EndGlobalSection
	GlobalSection(ExtensibilityGlobals) = postSolution
		SolutionGuid = {21D491D3-3D1F-4873-AA5A-70FD212C8D67}
	EndGlobalSection
EndGlobal
